
Microsoft Visual Studio Solution File, Format Version 12.00
# Visual Studio Version 17
VisualStudioVersion = 17.5.002.0
MinimumVisualStudioVersion = 10.0.40219.1
Project("{2150E333-8FDC-42A3-9474-1A3956D46DE8}") = "sandbox", "sandbox", "{7C2B64A0-4969-41B5-B432-86404BF6DD58}"
EndProject
Project("{9A19103F-16F7-4668-BE54-9A1E7A4F7556}") = "sandbox_project", "sandbox\sandbox_project\sandbox_project.csproj", "{5124D001-35A8-42AD-8A59-DBF135309CE5}"
EndProject
Project("{2150E333-8FDC-42A3-9474-1A3956D46DE8}") = "week01", "week01", "{4D5BE2E8-7391-4270-A83A-878D8F0A0F72}"
EndProject
Project("{9A19103F-16F7-4668-BE54-9A1E7A4F7556}") = "analyze", "week01\analyze\analyze.csproj", "{E34D6EE3-B194-4EA2-93AC-1BC4F8A128EF}"
EndProject
Project("{9A19103F-16F7-4668-BE54-9A1E7A4F7556}") = "code", "week01\code\code.csproj", "{10FEFD41-D70B-4AFB-B391-4A77AA122489}"
EndProject
Project("{9A19103F-16F7-4668-BE54-9A1E7A4F7556}") = "teach", "week01\teach\teach.csproj", "{305A990C-F9C5-43BC-B363-078D403BC2E1}"
EndProject
Project("{2150E333-8FDC-42A3-9474-1A3956D46DE8}") = "week02", "week02", "{BE1585F3-140F-41ED-87EC-C883328DA916}"
EndProject
Project("{9A19103F-16F7-4668-BE54-9A1E7A4F7556}") = "analyze", "week02\analyze\analyze.csproj", "{76F442C4-C38D-49C7-953D-F817CD4BAAD3}"
EndProject
Project("{9A19103F-16F7-4668-BE54-9A1E7A4F7556}") = "code", "week02\code\code.csproj", "{99E73085-9B08-4080-9EF9-4B8D805E2236}"
EndProject
Project("{9A19103F-16F7-4668-BE54-9A1E7A4F7556}") = "learn", "week02\learn\learn.csproj", "{114A7CE9-A12C-44F2-B818-8F489A3E5D9F}"
EndProject
Project("{9A19103F-16F7-4668-BE54-9A1E7A4F7556}") = "teach", "week02\teach\teach.csproj", "{3AF7EAA7-5DAF-4A7C-9A6A-C8631A43D924}"
EndProject
Project("{2150E333-8FDC-42A3-9474-1A3956D46DE8}") = "week03", "week03", "{B8884B5B-2C22-40A3-9FE6-495D932B4C92}"
EndProject
Project("{9A19103F-16F7-4668-BE54-9A1E7A4F7556}") = "code", "week03\code\code.csproj", "{FE5855F7-B517-4CA4-B5D7-D738D59D5EED}"
EndProject
Project("{9A19103F-16F7-4668-BE54-9A1E7A4F7556}") = "learn", "week03\learn\learn.csproj", "{C4A17324-5021-45DF-8423-7244AD8BD4FA}"
EndProject
Project("{9A19103F-16F7-4668-BE54-9A1E7A4F7556}") = "teach", "week03\teach\teach.csproj", "{21F6F284-79B4-4DEA-9BEB-5B38600AB696}"
EndProject
Project("{2150E333-8FDC-42A3-9474-1A3956D46DE8}") = "week04", "week04", "{8CB01249-69C7-4A02-993A-D60B12BE3A2D}"
EndProject
Project("{9A19103F-16F7-4668-BE54-9A1E7A4F7556}") = "code", "week04\code\code.csproj", "{EE242502-2B48-4613-AAD1-1931EA8BE3A9}"
EndProject
Project("{2150E333-8FDC-42A3-9474-1A3956D46DE8}") = "week05", "week05", "{050C71F1-72FC-46C4-9F92-E14AB2E3A487}"
EndProject
Project("{9A19103F-16F7-4668-BE54-9A1E7A4F7556}") = "code", "week05\code\code.csproj", "{2BA5FDCE-D0DA-4C26-B0D1-9A9D28C7CE6B}"
EndProject
Project("{2150E333-8FDC-42A3-9474-1A3956D46DE8}") = "week06", "week06", "{02E6620A-9BC3-4299-BE35-0D5844F65B7C}"
EndProject
Project("{9A19103F-16F7-4668-BE54-9A1E7A4F7556}") = "code", "week06\code\code.csproj", "{5AB9BA2E-7394-4275-A763-C0B762F970B9}"
EndProject
Global
	GlobalSection(SolutionConfigurationPlatforms) = preSolution
		Debug|Any CPU = Debug|Any CPU
		Release|Any CPU = Release|Any CPU
	EndGlobalSection
	GlobalSection(ProjectConfigurationPlatforms) = postSolution
		{5124D001-35A8-42AD-8A59-DBF135309CE5}.Debug|Any CPU.ActiveCfg = Debug|Any CPU
		{5124D001-35A8-42AD-8A59-DBF135309CE5}.Debug|Any CPU.Build.0 = Debug|Any CPU
		{5124D001-35A8-42AD-8A59-DBF135309CE5}.Release|Any CPU.ActiveCfg = Release|Any CPU
		{5124D001-35A8-42AD-8A59-DBF135309CE5}.Release|Any CPU.Build.0 = Release|Any CPU
		{E34D6EE3-B194-4EA2-93AC-1BC4F8A128EF}.Debug|Any CPU.ActiveCfg = Debug|Any CPU
		{E34D6EE3-B194-4EA2-93AC-1BC4F8A128EF}.Debug|Any CPU.Build.0 = Debug|Any CPU
		{E34D6EE3-B194-4EA2-93AC-1BC4F8A128EF}.Release|Any CPU.ActiveCfg = Release|Any CPU
		{E34D6EE3-B194-4EA2-93AC-1BC4F8A128EF}.Release|Any CPU.Build.0 = Release|Any CPU
		{10FEFD41-D70B-4AFB-B391-4A77AA122489}.Debug|Any CPU.ActiveCfg = Debug|Any CPU
		{10FEFD41-D70B-4AFB-B391-4A77AA122489}.Debug|Any CPU.Build.0 = Debug|Any CPU
		{10FEFD41-D70B-4AFB-B391-4A77AA122489}.Release|Any CPU.ActiveCfg = Release|Any CPU
		{10FEFD41-D70B-4AFB-B391-4A77AA122489}.Release|Any CPU.Build.0 = Release|Any CPU
		{305A990C-F9C5-43BC-B363-078D403BC2E1}.Debug|Any CPU.ActiveCfg = Debug|Any CPU
		{305A990C-F9C5-43BC-B363-078D403BC2E1}.Debug|Any CPU.Build.0 = Debug|Any CPU
		{305A990C-F9C5-43BC-B363-078D403BC2E1}.Release|Any CPU.ActiveCfg = Release|Any CPU
		{305A990C-F9C5-43BC-B363-078D403BC2E1}.Release|Any CPU.Build.0 = Release|Any CPU
		{76F442C4-C38D-49C7-953D-F817CD4BAAD3}.Debug|Any CPU.ActiveCfg = Debug|Any CPU
		{76F442C4-C38D-49C7-953D-F817CD4BAAD3}.Debug|Any CPU.Build.0 = Debug|Any CPU
		{76F442C4-C38D-49C7-953D-F817CD4BAAD3}.Release|Any CPU.ActiveCfg = Release|Any CPU
		{76F442C4-C38D-49C7-953D-F817CD4BAAD3}.Release|Any CPU.Build.0 = Release|Any CPU
		{99E73085-9B08-4080-9EF9-4B8D805E2236}.Debug|Any CPU.ActiveCfg = Debug|Any CPU
		{99E73085-9B08-4080-9EF9-4B8D805E2236}.Debug|Any CPU.Build.0 = Debug|Any CPU
		{99E73085-9B08-4080-9EF9-4B8D805E2236}.Release|Any CPU.ActiveCfg = Release|Any CPU
		{99E73085-9B08-4080-9EF9-4B8D805E2236}.Release|Any CPU.Build.0 = Release|Any CPU
		{114A7CE9-A12C-44F2-B818-8F489A3E5D9F}.Debug|Any CPU.ActiveCfg = Debug|Any CPU
		{114A7CE9-A12C-44F2-B818-8F489A3E5D9F}.Debug|Any CPU.Build.0 = Debug|Any CPU
		{114A7CE9-A12C-44F2-B818-8F489A3E5D9F}.Release|Any CPU.ActiveCfg = Release|Any CPU
		{114A7CE9-A12C-44F2-B818-8F489A3E5D9F}.Release|Any CPU.Build.0 = Release|Any CPU
		{3AF7EAA7-5DAF-4A7C-9A6A-C8631A43D924}.Debug|Any CPU.ActiveCfg = Debug|Any CPU
		{3AF7EAA7-5DAF-4A7C-9A6A-C8631A43D924}.Debug|Any CPU.Build.0 = Debug|Any CPU
		{3AF7EAA7-5DAF-4A7C-9A6A-C8631A43D924}.Release|Any CPU.ActiveCfg = Release|Any CPU
		{3AF7EAA7-5DAF-4A7C-9A6A-C8631A43D924}.Release|Any CPU.Build.0 = Release|Any CPU
		{FE5855F7-B517-4CA4-B5D7-D738D59D5EED}.Debug|Any CPU.ActiveCfg = Debug|Any CPU
		{FE5855F7-B517-4CA4-B5D7-D738D59D5EED}.Debug|Any CPU.Build.0 = Debug|Any CPU
		{FE5855F7-B517-4CA4-B5D7-D738D59D5EED}.Release|Any CPU.ActiveCfg = Release|Any CPU
		{FE5855F7-B517-4CA4-B5D7-D738D59D5EED}.Release|Any CPU.Build.0 = Release|Any CPU
		{C4A17324-5021-45DF-8423-7244AD8BD4FA}.Debug|Any CPU.ActiveCfg = Debug|Any CPU
		{C4A17324-5021-45DF-8423-7244AD8BD4FA}.Debug|Any CPU.Build.0 = Debug|Any CPU
		{C4A17324-5021-45DF-8423-7244AD8BD4FA}.Release|Any CPU.ActiveCfg = Release|Any CPU
		{C4A17324-5021-45DF-8423-7244AD8BD4FA}.Release|Any CPU.Build.0 = Release|Any CPU
		{21F6F284-79B4-4DEA-9BEB-5B38600AB696}.Debug|Any CPU.ActiveCfg = Debug|Any CPU
		{21F6F284-79B4-4DEA-9BEB-5B38600AB696}.Debug|Any CPU.Build.0 = Debug|Any CPU
		{21F6F284-79B4-4DEA-9BEB-5B38600AB696}.Release|Any CPU.ActiveCfg = Release|Any CPU
		{21F6F284-79B4-4DEA-9BEB-5B38600AB696}.Release|Any CPU.Build.0 = Release|Any CPU
		{EE242502-2B48-4613-AAD1-1931EA8BE3A9}.Debug|Any CPU.ActiveCfg = Debug|Any CPU
		{EE242502-2B48-4613-AAD1-1931EA8BE3A9}.Debug|Any CPU.Build.0 = Debug|Any CPU
		{EE242502-2B48-4613-AAD1-1931EA8BE3A9}.Release|Any CPU.ActiveCfg = Release|Any CPU
		{EE242502-2B48-4613-AAD1-1931EA8BE3A9}.Release|Any CPU.Build.0 = Release|Any CPU
		{2BA5FDCE-D0DA-4C26-B0D1-9A9D28C7CE6B}.Debug|Any CPU.ActiveCfg = Debug|Any CPU
		{2BA5FDCE-D0DA-4C26-B0D1-9A9D28C7CE6B}.Debug|Any CPU.Build.0 = Debug|Any CPU
		{2BA5FDCE-D0DA-4C26-B0D1-9A9D28C7CE6B}.Release|Any CPU.ActiveCfg = Release|Any CPU
		{2BA5FDCE-D0DA-4C26-B0D1-9A9D28C7CE6B}.Release|Any CPU.Build.0 = Release|Any CPU
		{5AB9BA2E-7394-4275-A763-C0B762F970B9}.Debug|Any CPU.ActiveCfg = Debug|Any CPU
		{5AB9BA2E-7394-4275-A763-C0B762F970B9}.Debug|Any CPU.Build.0 = Debug|Any CPU
		{5AB9BA2E-7394-4275-A763-C0B762F970B9}.Release|Any CPU.ActiveCfg = Release|Any CPU
		{5AB9BA2E-7394-4275-A763-C0B762F970B9}.Release|Any CPU.Build.0 = Release|Any CPU
	EndGlobalSection
	GlobalSection(SolutionProperties) = preSolution
		HideSolutionNode = FALSE
	EndGlobalSection
	GlobalSection(NestedProjects) = preSolution
		{5124D001-35A8-42AD-8A59-DBF135309CE5} = {7C2B64A0-4969-41B5-B432-86404BF6DD58}
		{E34D6EE3-B194-4EA2-93AC-1BC4F8A128EF} = {4D5BE2E8-7391-4270-A83A-878D8F0A0F72}
		{10FEFD41-D70B-4AFB-B391-4A77AA122489} = {4D5BE2E8-7391-4270-A83A-878D8F0A0F72}
		{305A990C-F9C5-43BC-B363-078D403BC2E1} = {4D5BE2E8-7391-4270-A83A-878D8F0A0F72}
		{76F442C4-C38D-49C7-953D-F817CD4BAAD3} = {BE1585F3-140F-41ED-87EC-C883328DA916}
		{99E73085-9B08-4080-9EF9-4B8D805E2236} = {BE1585F3-140F-41ED-87EC-C883328DA916}
		{114A7CE9-A12C-44F2-B818-8F489A3E5D9F} = {BE1585F3-140F-41ED-87EC-C883328DA916}
		{3AF7EAA7-5DAF-4A7C-9A6A-C8631A43D924} = {BE1585F3-140F-41ED-87EC-C883328DA916}
		{FE5855F7-B517-4CA4-B5D7-D738D59D5EED} = {B8884B5B-2C22-40A3-9FE6-495D932B4C92}
		{C4A17324-5021-45DF-8423-7244AD8BD4FA} = {B8884B5B-2C22-40A3-9FE6-495D932B4C92}
		{21F6F284-79B4-4DEA-9BEB-5B38600AB696} = {B8884B5B-2C22-40A3-9FE6-495D932B4C92}
		{EE242502-2B48-4613-AAD1-1931EA8BE3A9} = {8CB01249-69C7-4A02-993A-D60B12BE3A2D}
		{2BA5FDCE-D0DA-4C26-B0D1-9A9D28C7CE6B} = {050C71F1-72FC-46C4-9F92-E14AB2E3A487}
		{5AB9BA2E-7394-4275-A763-C0B762F970B9} = {02E6620A-9BC3-4299-BE35-0D5844F65B7C}
	EndGlobalSection
	GlobalSection(ExtensibilityGlobals) = postSolution
		SolutionGuid = {64AA2DE9-1598-470D-97A9-AFBB656BF2B9}
	EndGlobalSection
EndGlobal
